
Microsoft Visual Studio Solution File, Format Version 12.00
# Visual Studio Version 16
VisualStudioVersion = 16.0.31613.86
MinimumVisualStudioVersion = 10.0.40219.1
Project("{FAE04EC0-301F-11D3-BF4B-00C04F79EFBC}") = "senai_WishList_webApi", "senai_WishList_webApi\senai_WishList_webApi.csproj", "{A639AEB7-665A-445E-85CA-8F4651F8450E}"
EndProject
Global
	GlobalSection(SolutionConfigurationPlatforms) = preSolution
		Debug|Any CPU = Debug|Any CPU
		Release|Any CPU = Release|Any CPU
	EndGlobalSection
	GlobalSection(ProjectConfigurationPlatforms) = postSolution
		{A639AEB7-665A-445E-85CA-8F4651F8450E}.Debug|Any CPU.ActiveCfg = Debug|Any CPU
		{A639AEB7-665A-445E-85CA-8F4651F8450E}.Debug|Any CPU.Build.0 = Debug|Any CPU
		{A639AEB7-665A-445E-85CA-8F4651F8450E}.Release|Any CPU.ActiveCfg = Release|Any CPU
		{A639AEB7-665A-445E-85CA-8F4651F8450E}.Release|Any CPU.Build.0 = Release|Any CPU
	EndGlobalSection
	GlobalSection(SolutionProperties) = preSolution
		HideSolutionNode = FALSE
	EndGlobalSection
	GlobalSection(ExtensibilityGlobals) = postSolution
		SolutionGuid = {429B4105-2331-47DB-9106-2D94D8C6E418}
	EndGlobalSection
EndGlobal
