
Microsoft Visual Studio Solution File, Format Version 12.00
# Visual Studio Version 16
VisualStudioVersion = 16.0.31515.178
MinimumVisualStudioVersion = 10.0.40219.1
Project("{FAE04EC0-301F-11D3-BF4B-00C04F79EFBC}") = "Senai.Rental.WebApi", "Senai.Rental.WebApi\Senai.Rental.WebApi.csproj", "{B9EC6CCB-369A-4EEF-8FF7-B0EBBA5E4B89}"
EndProject
Global
	GlobalSection(SolutionConfigurationPlatforms) = preSolution
		Debug|Any CPU = Debug|Any CPU
		Release|Any CPU = Release|Any CPU
	EndGlobalSection
	GlobalSection(ProjectConfigurationPlatforms) = postSolution
		{B9EC6CCB-369A-4EEF-8FF7-B0EBBA5E4B89}.Debug|Any CPU.ActiveCfg = Debug|Any CPU
		{B9EC6CCB-369A-4EEF-8FF7-B0EBBA5E4B89}.Debug|Any CPU.Build.0 = Debug|Any CPU
		{B9EC6CCB-369A-4EEF-8FF7-B0EBBA5E4B89}.Release|Any CPU.ActiveCfg = Release|Any CPU
		{B9EC6CCB-369A-4EEF-8FF7-B0EBBA5E4B89}.Release|Any CPU.Build.0 = Release|Any CPU
	EndGlobalSection
	GlobalSection(SolutionProperties) = preSolution
		HideSolutionNode = FALSE
	EndGlobalSection
	GlobalSection(ExtensibilityGlobals) = postSolution
		SolutionGuid = {F898469D-235A-447E-B2B7-5F557C3729AE}
	EndGlobalSection
EndGlobal
